
Microsoft Visual Studio Solution File, Format Version 12.00
# Visual Studio Version 16
VisualStudioVersion = 16.0.29009.5
MinimumVisualStudioVersion = 10.0.40219.1
Project("{FAE04EC0-301F-11D3-BF4B-00C04F79EFBC}") = "ConsoleApp1", "ConsoleApp1\ConsoleApp1.csproj", "{89DEF94C-BF14-4509-B6FB-2F7B5CE8700B}"
EndProject
Global
	GlobalSection(SolutionConfigurationPlatforms) = preSolution
		Debug|Any CPU = Debug|Any CPU
		Release|Any CPU = Release|Any CPU
	EndGlobalSection
	GlobalSection(ProjectConfigurationPlatforms) = postSolution
		{89DEF94C-BF14-4509-B6FB-2F7B5CE8700B}.Debug|Any CPU.ActiveCfg = Debug|Any CPU
		{89DEF94C-BF14-4509-B6FB-2F7B5CE8700B}.Debug|Any CPU.Build.0 = Debug|Any CPU
		{89DEF94C-BF14-4509-B6FB-2F7B5CE8700B}.Release|Any CPU.ActiveCfg = Release|Any CPU
		{89DEF94C-BF14-4509-B6FB-2F7B5CE8700B}.Release|Any CPU.Build.0 = Release|Any CPU
	EndGlobalSection
	GlobalSection(SolutionProperties) = preSolution
		HideSolutionNode = FALSE
	EndGlobalSection
	GlobalSection(ExtensibilityGlobals) = postSolution
		SolutionGuid = {15199FBE-29AF-44E9-A48A-734DCFB9AE34}
	EndGlobalSection
EndGlobal
